# This file is automatically @generated by Cargo.
# It is not intended for manual editing.
version = 4

[[package]]
name = "f256"
version = "0.6.0"
source = "registry+https://github.com/rust-lang/crates.io-index"
checksum = "0ba477923313a238c826a470e8859ba45f874a9b9897e8d63f92c9d171b4525e"
dependencies = [
 "f256_pow10_div_pow2_lut",
 "f256_pow2_div_pow10_lut",
 "f256_pow2_div_pow5_lut",
 "f256_pow5_div_pow2_lut",
]

[[package]]
name = "f256_pow10_div_pow2_lut"
version = "0.1.1"
source = "registry+https://github.com/rust-lang/crates.io-index"
checksum = "f6ca8d1ce1a433ed0939ca1e054b561002cbcb9740d1d36c18d89009eb003002"

[[package]]
name = "f256_pow2_div_pow10_lut"
version = "0.2.0"
source = "registry+https://github.com/rust-lang/crates.io-index"
checksum = "6580e1604d17d3723f9ea45d9d3b230b6d716bad991ec7cceda1ad760fa202b4"

[[package]]
name = "f256_pow2_div_pow5_lut"
version = "0.1.1"
source = "registry+https://github.com/rust-lang/crates.io-index"
checksum = "76b7418cb2e2a5be0dfb64027d7f009f9660ed6875ee049bc5ff30be006fcf6e"

[[package]]
name = "f256_pow5_div_pow2_lut"
version = "0.1.1"
source = "registry+https://github.com/rust-lang/crates.io-index"
checksum = "250ea0f9a0eb0e71b9040133a84777ddfd97a3c57689c249acb5917e1d869cb8"

[[package]]
name = "fpdec"
version = "0.11.0"
source = "registry+https://github.com/rust-lang/crates.io-index"
checksum = "ce2c6267fe7a0c52672fe9879c22a4b5a08f11c6c987c43186141d5b0eb9745f"
dependencies = [
 "fpdec-core",
 "fpdec-macros",
]

[[package]]
name = "fpdec-core"
version = "0.8.0"
source = "registry+https://github.com/rust-lang/crates.io-index"
checksum = "64c81a0af753d9c6e1d5f83f956699e66fe578c8002e233c831facaad1becc9f"

[[package]]
name = "fpdec-macros"
version = "0.8.0"
source = "registry+https://github.com/rust-lang/crates.io-index"
checksum = "45cd2d5a6b768a966a951d753151922da390c185fcce1ee5f529dab994d8480c"
dependencies = [
 "fpdec-core",
 "quote",
]

[[package]]
name = "mandelbrot_lib"
version = "0.1.0"
dependencies = [
 "f256",
 "fpdec",
]

[[package]]
name = "proc-macro2"
version = "1.0.94"
source = "registry+https://github.com/rust-lang/crates.io-index"
checksum = "a31971752e70b8b2686d7e46ec17fb38dad4051d94024c88df49b667caea9c84"
dependencies = [
 "unicode-ident",
]

[[package]]
name = "quote"
version = "1.0.40"
source = "registry+https://github.com/rust-lang/crates.io-index"
checksum = "1885c039570dc00dcb4ff087a89e185fd56bae234ddc7f056a945bf36467248d"
dependencies = [
 "proc-macro2",
]

[[package]]
name = "unicode-ident"
version = "1.0.18"
source = "registry+https://github.com/rust-lang/crates.io-index"
checksum = "5a5f39404a5da50712a4c1eecf25e90dd62b613502b7e925fd4e4d19b5c96512"
